
Microsoft Visual Studio Solution File, Format Version 12.00
Project("{FAE04EC0-301F-11D3-BF4B-00C04F79EFBC}") = "AwsMicroservices.Web", "AwsMicroservices.Web\AwsMicroservices.Web.csproj", "{C7461642-1ABE-46DC-B05F-89932698BEF5}"
EndProject
Global
	GlobalSection(SolutionConfigurationPlatforms) = preSolution
		Debug|Any CPU = Debug|Any CPU
		Release|Any CPU = Release|Any CPU
	EndGlobalSection
	GlobalSection(ProjectConfigurationPlatforms) = postSolution
		{C7461642-1ABE-46DC-B05F-89932698BEF5}.Debug|Any CPU.ActiveCfg = Debug|Any CPU
		{C7461642-1ABE-46DC-B05F-89932698BEF5}.Debug|Any CPU.Build.0 = Debug|Any CPU
		{C7461642-1ABE-46DC-B05F-89932698BEF5}.Release|Any CPU.ActiveCfg = Release|Any CPU
		{C7461642-1ABE-46DC-B05F-89932698BEF5}.Release|Any CPU.Build.0 = Release|Any CPU
	EndGlobalSection
EndGlobal
